
Microsoft Visual Studio Solution File, Format Version 12.00
# Visual Studio Version 17
VisualStudioVersion = 17.5.33516.290
MinimumVisualStudioVersion = 10.0.40219.1
Project("{9A19103F-16F7-4668-BE54-9A1E7A4F7556}") = "FalconAmazonRestAPI", "FalconAmazonRestAPI.csproj", "{6BA5D0D6-DAAF-435A-AA06-0C4A0FF4B207}"
EndProject
Project("{2150E333-8FDC-42A3-9474-1A3956D46DE8}") = "Solution Items", "Solution Items", "{F363EFBA-90E1-4DDF-BD17-EBBA6FF8FC04}"
	ProjectSection(SolutionItems) = preProject
		Customer.cs = Customer.cs
		CustomerItemDTO.cs = CustomerItemDTO.cs
		CustomerService.cs = CustomerService.cs
		CustomerUtilities.cs = CustomerUtilities.cs
		CustomerValidator.cs = CustomerValidator.cs
		DatabaseContext.cs = DatabaseContext.cs
		ICustomerValidator.cs = ICustomerValidator.cs
		IDatabaseContext.cs = IDatabaseContext.cs
	EndProjectSection
EndProject
Global
	GlobalSection(SolutionConfigurationPlatforms) = preSolution
		Debug|Any CPU = Debug|Any CPU
		Release|Any CPU = Release|Any CPU
	EndGlobalSection
	GlobalSection(ProjectConfigurationPlatforms) = postSolution
		{6BA5D0D6-DAAF-435A-AA06-0C4A0FF4B207}.Debug|Any CPU.ActiveCfg = Debug|Any CPU
		{6BA5D0D6-DAAF-435A-AA06-0C4A0FF4B207}.Debug|Any CPU.Build.0 = Debug|Any CPU
		{6BA5D0D6-DAAF-435A-AA06-0C4A0FF4B207}.Release|Any CPU.ActiveCfg = Release|Any CPU
		{6BA5D0D6-DAAF-435A-AA06-0C4A0FF4B207}.Release|Any CPU.Build.0 = Release|Any CPU
	EndGlobalSection
	GlobalSection(SolutionProperties) = preSolution
		HideSolutionNode = FALSE
	EndGlobalSection
	GlobalSection(ExtensibilityGlobals) = postSolution
		SolutionGuid = {FDEC019A-1295-46C3-B945-E253B0B90A7F}
	EndGlobalSection
EndGlobal
